{
  "version": 4,
  "terraform_version": "1.5.7",
  "serial": 69,
  "lineage": "d59107bf-9a2a-8e46-e17d-c4b964a95bae",
  "outputs": {},
  "resources": [
    {
      "mode": "managed",
      "type": "proxmox_lxc",
      "name": "coder",
      "provider": "provider[\"registry.terraform.io/telmate/proxmox\"].secondary",
      "instances": [
        {
          "schema_version": 0,
          "attributes": {
            "arch": "amd64",
            "bwlimit": 0,
            "clone": null,
            "clone_storage": null,
            "cmode": "tty",
            "console": true,
            "cores": 4,
            "cpulimit": 0,
            "cpuunits": 1024,
            "description": "",
            "features": [
              {
                "fuse": false,
                "keyctl": false,
                "mknod": false,
                "mount": "",
                "nesting": true
              }
            ],
            "force": false,
            "full": null,
            "hagroup": "",
            "hastate": "",
            "hookscript": "",
            "hostname": "coder",
            "id": "pve/lxc/506",
            "ignore_unpack_errors": false,
            "lock": "",
            "memory": 4096,
            "mountpoint": [],
            "nameserver": "",
            "network": [
              {
                "bridge": "vmbr0",
                "firewall": false,
                "gw": "10.0.0.1",
                "gw6": "",
                "hwaddr": "4C:9A:FD:27:51:BF",
                "ip": "10.0.10.2/16",
                "ip6": "auto",
                "mtu": 0,
                "name": "eth0",
                "rate": 0,
                "tag": 0,
                "trunks": "",
                "type": "veth"
              }
            ],
            "onboot": true,
            "ostemplate": "local:vztmpl/ubuntu-22.04-standard_22.04-1_amd64.tar.zst",
            "ostype": "ubuntu",
            "password": null,
            "pool": null,
            "protection": false,
            "restore": false,
            "rootfs": [
              {
                "acl": false,
                "quota": false,
                "replicate": false,
                "ro": false,
                "shared": false,
                "size": "30G",
                "storage": "local-lvm",
                "volume": "local-lvm:vm-506-disk-0"
              }
            ],
            "searchdomain": "",
            "ssh_public_keys": "ssh-ed25519 AAAAC3NzaC1lZDI1NTE5AAAAICGc3dBczv80SICiZoWLmofrATDZSm7d5O6HW5G10pwp guilherme@damoreira.com.br\n",
            "start": true,
            "startup": "",
            "swap": 0,
            "tags": "",
            "target_node": "pve",
            "template": false,
            "timeouts": null,
            "tty": 2,
            "unique": false,
            "unprivileged": true,
            "unused": [],
            "vmid": 506
          },
          "sensitive_attributes": [],
          "private": "eyJlMmJmYjczMC1lY2FhLTExZTYtOGY4OC0zNDM2M2JjN2M0YzAiOnsiY3JlYXRlIjoxMjAwMDAwMDAwMDAwLCJkZWZhdWx0IjoxMjAwMDAwMDAwMDAwLCJkZWxldGUiOjEyMDAwMDAwMDAwMDAsInJlYWQiOjEyMDAwMDAwMDAwMDAsInVwZGF0ZSI6MTIwMDAwMDAwMDAwMH19"
        }
      ]
    },
    {
      "mode": "managed",
      "type": "proxmox_lxc",
      "name": "gitlab",
      "provider": "provider[\"registry.terraform.io/telmate/proxmox\"].secondary",
      "instances": [
        {
          "schema_version": 0,
          "attributes": {
            "arch": "amd64",
            "bwlimit": 0,
            "clone": null,
            "clone_storage": null,
            "cmode": "tty",
            "console": true,
            "cores": 8,
            "cpulimit": 0,
            "cpuunits": 1024,
            "description": "",
            "features": [
              {
                "fuse": true,
                "keyctl": true,
                "mknod": true,
                "mount": "",
                "nesting": true
              }
            ],
            "force": false,
            "full": null,
            "hagroup": "",
            "hastate": "",
            "hookscript": "",
            "hostname": "gitlab",
            "id": "pve/lxc/509",
            "ignore_unpack_errors": false,
            "lock": "",
            "memory": 8192,
            "mountpoint": [],
            "nameserver": "",
            "network": [
              {
                "bridge": "vmbr0",
                "firewall": false,
                "gw": "10.0.0.1",
                "gw6": "",
                "hwaddr": "6A:3E:2C:18:47:AB",
                "ip": "10.0.20.3/16",
                "ip6": "auto",
                "mtu": 0,
                "name": "eth0",
                "rate": 0,
                "tag": 0,
                "trunks": "",
                "type": "veth"
              }
            ],
            "onboot": true,
            "ostemplate": "local:vztmpl/ubuntu-22.04-standard_22.04-1_amd64.tar.zst",
            "ostype": "ubuntu",
            "password": null,
            "pool": null,
            "protection": false,
            "restore": false,
            "rootfs": [
              {
                "acl": false,
                "quota": false,
                "replicate": false,
                "ro": false,
                "shared": false,
                "size": "100G",
                "storage": "local-lvm",
                "volume": "local-lvm:vm-509-disk-0"
              }
            ],
            "searchdomain": "",
            "ssh_public_keys": "ssh-ed25519 AAAAC3NzaC1lZDI1NTE5AAAAICGc3dBczv80SICiZoWLmofrATDZSm7d5O6HW5G10pwp guilherme@damoreira.com.br\n",
            "start": true,
            "startup": "",
            "swap": 0,
            "tags": "",
            "target_node": "pve",
            "template": false,
            "timeouts": null,
            "tty": 2,
            "unique": false,
            "unprivileged": true,
            "unused": [],
            "vmid": 509
          },
          "sensitive_attributes": [],
          "private": "eyJlMmJmYjczMC1lY2FhLTExZTYtOGY4OC0zNDM2M2JjN2M0YzAiOnsiY3JlYXRlIjoxMjAwMDAwMDAwMDAwLCJkZWZhdWx0IjoxMjAwMDAwMDAwMDAwLCJkZWxldGUiOjEyMDAwMDAwMDAwMDAsInJlYWQiOjEyMDAwMDAwMDAwMDAsInVwZGF0ZSI6MTIwMDAwMDAwMDAwMH19"
        }
      ]
    },
    {
      "mode": "managed",
      "type": "proxmox_lxc",
      "name": "harbor",
      "provider": "provider[\"registry.terraform.io/telmate/proxmox\"].secondary",
      "instances": [
        {
          "schema_version": 0,
          "attributes": {
            "arch": "amd64",
            "bwlimit": 0,
            "clone": null,
            "clone_storage": null,
            "cmode": "tty",
            "console": true,
            "cores": 4,
            "cpulimit": 0,
            "cpuunits": 1024,
            "description": "",
            "features": [
              {
                "fuse": false,
                "keyctl": true,
                "mknod": false,
                "mount": "",
                "nesting": true
              }
            ],
            "force": false,
            "full": null,
            "hagroup": "",
            "hastate": "",
            "hookscript": "",
            "hostname": "harbor",
            "id": "pve/lxc/501",
            "ignore_unpack_errors": false,
            "lock": "",
            "memory": 8192,
            "mountpoint": [],
            "nameserver": "",
            "network": [
              {
                "bridge": "vmbr0",
                "firewall": false,
                "gw": "10.0.0.1",
                "gw6": "",
                "hwaddr": "F0:C3:FC:64:76:4F",
                "ip": "10.0.20.4/16",
                "ip6": "auto",
                "mtu": 0,
                "name": "eth0",
                "rate": 0,
                "tag": 0,
                "trunks": "",
                "type": "veth"
              }
            ],
            "onboot": true,
            "ostemplate": "local:vztmpl/ubuntu-22.04-standard_22.04-1_amd64.tar.zst",
            "ostype": "ubuntu",
            "password": null,
            "pool": null,
            "protection": false,
            "restore": false,
            "rootfs": [
              {
                "acl": false,
                "quota": false,
                "replicate": false,
                "ro": false,
                "shared": false,
                "size": "180G",
                "storage": "local-lvm",
                "volume": "local-lvm:vm-501-disk-0"
              }
            ],
            "searchdomain": "",
            "ssh_public_keys": "ssh-ed25519 AAAAC3NzaC1lZDI1NTE5AAAAICGc3dBczv80SICiZoWLmofrATDZSm7d5O6HW5G10pwp guilherme@damoreira.com.br\n",
            "start": true,
            "startup": "",
            "swap": 0,
            "tags": "",
            "target_node": "pve",
            "template": false,
            "timeouts": null,
            "tty": 2,
            "unique": false,
            "unprivileged": true,
            "unused": [],
            "vmid": 501
          },
          "sensitive_attributes": [],
          "private": "eyJlMmJmYjczMC1lY2FhLTExZTYtOGY4OC0zNDM2M2JjN2M0YzAiOnsiY3JlYXRlIjoxMjAwMDAwMDAwMDAwLCJkZWZhdWx0IjoxMjAwMDAwMDAwMDAwLCJkZWxldGUiOjEyMDAwMDAwMDAwMDAsInJlYWQiOjEyMDAwMDAwMDAwMDAsInVwZGF0ZSI6MTIwMDAwMDAwMDAwMH19"
        }
      ]
    },
    {
      "mode": "managed",
      "type": "proxmox_lxc",
      "name": "jellyfin",
      "provider": "provider[\"registry.terraform.io/telmate/proxmox\"].secondary",
      "instances": [
        {
          "schema_version": 0,
          "attributes": {
            "arch": "amd64",
            "bwlimit": 0,
            "clone": null,
            "clone_storage": null,
            "cmode": "tty",
            "console": true,
            "cores": 4,
            "cpulimit": 0,
            "cpuunits": 1024,
            "description": "",
            "features": [
              {
                "fuse": false,
                "keyctl": true,
                "mknod": false,
                "mount": "",
                "nesting": true
              }
            ],
            "force": false,
            "full": null,
            "hagroup": "",
            "hastate": "",
            "hookscript": "",
            "hostname": "jellyfin",
            "id": "pve/lxc/504",
            "ignore_unpack_errors": false,
            "lock": "",
            "memory": 4096,
            "mountpoint": [],
            "nameserver": "",
            "network": [
              {
                "bridge": "vmbr0",
                "firewall": false,
                "gw": "10.0.0.1",
                "gw6": "",
                "hwaddr": "AE:7A:1E:91:6C:3A",
                "ip": "10.0.5.4/16",
                "ip6": "auto",
                "mtu": 0,
                "name": "eth0",
                "rate": 0,
                "tag": 0,
                "trunks": "",
                "type": "veth"
              }
            ],
            "onboot": true,
            "ostemplate": "local:vztmpl/ubuntu-22.04-standard_22.04-1_amd64.tar.zst",
            "ostype": "ubuntu",
            "password": null,
            "pool": null,
            "protection": false,
            "restore": false,
            "rootfs": [
              {
                "acl": false,
                "quota": false,
                "replicate": false,
                "ro": false,
                "shared": false,
                "size": "20G",
                "storage": "local-lvm",
                "volume": "local-lvm:vm-504-disk-0"
              }
            ],
            "searchdomain": "",
            "ssh_public_keys": "ssh-ed25519 AAAAC3NzaC1lZDI1NTE5AAAAICGc3dBczv80SICiZoWLmofrATDZSm7d5O6HW5G10pwp guilherme@damoreira.com.br\n",
            "start": true,
            "startup": "",
            "swap": 0,
            "tags": "",
            "target_node": "pve",
            "template": false,
            "timeouts": null,
            "tty": 2,
            "unique": false,
            "unprivileged": false,
            "unused": [],
            "vmid": 504
          },
          "sensitive_attributes": [],
          "private": "eyJlMmJmYjczMC1lY2FhLTExZTYtOGY4OC0zNDM2M2JjN2M0YzAiOnsiY3JlYXRlIjoxMjAwMDAwMDAwMDAwLCJkZWZhdWx0IjoxMjAwMDAwMDAwMDAwLCJkZWxldGUiOjEyMDAwMDAwMDAwMDAsInJlYWQiOjEyMDAwMDAwMDAwMDAsInVwZGF0ZSI6MTIwMDAwMDAwMDAwMH19"
        }
      ]
    },
    {
      "mode": "managed",
      "type": "proxmox_lxc",
      "name": "kafka",
      "provider": "provider[\"registry.terraform.io/telmate/proxmox\"].secondary",
      "instances": [
        {
          "schema_version": 0,
          "attributes": {
            "arch": "amd64",
            "bwlimit": 0,
            "clone": null,
            "clone_storage": null,
            "cmode": "tty",
            "console": true,
            "cores": 4,
            "cpulimit": 0,
            "cpuunits": 1024,
            "description": "",
            "features": [
              {
                "fuse": false,
                "keyctl": true,
                "mknod": false,
                "mount": "",
                "nesting": true
              }
            ],
            "force": false,
            "full": null,
            "hagroup": "",
            "hastate": "",
            "hookscript": "",
            "hostname": "kafka",
            "id": "pve/lxc/502",
            "ignore_unpack_errors": false,
            "lock": "",
            "memory": 8192,
            "mountpoint": [],
            "nameserver": "",
            "network": [
              {
                "bridge": "vmbr0",
                "firewall": false,
                "gw": "10.0.0.1",
                "gw6": "",
                "hwaddr": "3C:04:E2:CB:DB:48",
                "ip": "10.0.20.11/16",
                "ip6": "auto",
                "mtu": 0,
                "name": "eth0",
                "rate": 0,
                "tag": 0,
                "trunks": "",
                "type": "veth"
              }
            ],
            "onboot": true,
            "ostemplate": "local:vztmpl/almalinux-9-default_20240911_amd64.tar.xz",
            "ostype": "centos",
            "password": "necro1",
            "pool": null,
            "protection": false,
            "restore": false,
            "rootfs": [
              {
                "acl": false,
                "quota": false,
                "replicate": false,
                "ro": false,
                "shared": false,
                "size": "60G",
                "storage": "local-lvm",
                "volume": "local-lvm:vm-502-disk-0"
              }
            ],
            "searchdomain": "",
            "ssh_public_keys": "ssh-ed25519 AAAAC3NzaC1lZDI1NTE5AAAAICGc3dBczv80SICiZoWLmofrATDZSm7d5O6HW5G10pwp guilherme@damoreira.com.br\n",
            "start": true,
            "startup": "",
            "swap": 0,
            "tags": "",
            "target_node": "pve",
            "template": false,
            "timeouts": null,
            "tty": 2,
            "unique": false,
            "unprivileged": true,
            "unused": [],
            "vmid": 502
          },
          "sensitive_attributes": [],
          "private": "eyJlMmJmYjczMC1lY2FhLTExZTYtOGY4OC0zNDM2M2JjN2M0YzAiOnsiY3JlYXRlIjoxMjAwMDAwMDAwMDAwLCJkZWZhdWx0IjoxMjAwMDAwMDAwMDAwLCJkZWxldGUiOjEyMDAwMDAwMDAwMDAsInJlYWQiOjEyMDAwMDAwMDAwMDAsInVwZGF0ZSI6MTIwMDAwMDAwMDAwMH19"
        }
      ]
    },
    {
      "mode": "managed",
      "type": "proxmox_lxc",
      "name": "kuma",
      "provider": "provider[\"registry.terraform.io/telmate/proxmox\"]",
      "instances": [
        {
          "schema_version": 0,
          "attributes": {
            "arch": "amd64",
            "bwlimit": 0,
            "clone": null,
            "clone_storage": null,
            "cmode": "",
            "console": true,
            "cores": 1,
            "cpulimit": 0,
            "cpuunits": 1024,
            "description": "\u003cdiv align='center'\u003e\n  \u003ca href='https://Helper-Scripts.com' target='_blank' rel='noopener noreferrer'\u003e\n    \u003cimg src='https://raw.githubusercontent.com/community-scripts/ProxmoxVE/main/misc/images/logo-81x112.png' alt='Logo' style='width:81px;height:112px;'/\u003e\n  \u003c/a\u003e\n\n  \u003ch2 style='font-size: 24px; margin: 20px 0;'\u003eUptime Kuma LXC\u003c/h2\u003e\n\n  \u003cspan style='margin: 0 10px;'\u003e\n    \u003ci class=\"fa fa-github fa-fw\" style=\"color: #f5f5f5;\"\u003e\u003c/i\u003e\n    \u003ca href='https://github.com/community-scripts/ProxmoxVE' target='_blank' rel='noopener noreferrer' style='text-decoration: none; color: #00617f;'\u003eGitHub\u003c/a\u003e\n  \u003c/span\u003e\n  \u003cspan style='margin: 0 10px;'\u003e\n    \u003ci class=\"fa fa-comments fa-fw\" style=\"color: #f5f5f5;\"\u003e\u003c/i\u003e\n    \u003ca href='https://github.com/community-scripts/ProxmoxVE/discussions' target='_blank' rel='noopener noreferrer' style='text-decoration: none; color: #00617f;'\u003eDiscussions\u003c/a\u003e\n  \u003c/span\u003e\n  \u003cspan style='margin: 0 10px;'\u003e\n    \u003ci class=\"fa fa-exclamation-circle fa-fw\" style=\"color: #f5f5f5;\"\u003e\u003c/i\u003e\n    \u003ca href='https://github.com/community-scripts/ProxmoxVE/issues' target='_blank' rel='noopener noreferrer' style='text-decoration: none; color: #00617f;'\u003eIssues\u003c/a\u003e\n  \u003c/span\u003e\n\u003c/div\u003e\n",
            "features": [
              {
                "fuse": true,
                "keyctl": true,
                "mknod": false,
                "mount": "",
                "nesting": true
              }
            ],
            "force": false,
            "full": null,
            "hagroup": "",
            "hastate": "",
            "hookscript": "",
            "hostname": "kuma",
            "id": "pve/lxc/200",
            "ignore_unpack_errors": false,
            "lock": "",
            "memory": 256,
            "mountpoint": [],
            "nameserver": "",
            "network": [
              {
                "bridge": "vmbr0",
                "firewall": false,
                "gw": "10.0.0.1",
                "gw6": "",
                "hwaddr": "BC:24:11:A4:A4:C4",
                "ip": "10.0.0.9/16",
                "ip6": "",
                "mtu": 0,
                "name": "eth0",
                "rate": 0,
                "tag": 0,
                "trunks": "",
                "type": "veth"
              }
            ],
            "onboot": true,
            "ostemplate": "local:vztmpl/debian-12-standard_12.2-1_amd64.tar.zst",
            "ostype": "debian",
            "password": null,
            "pool": null,
            "protection": false,
            "restore": false,
            "rootfs": [
              {
                "acl": false,
                "quota": false,
                "replicate": false,
                "ro": false,
                "shared": false,
                "size": "4G",
                "storage": "local-lvm",
                "volume": "local-lvm:vm-200-disk-0"
              }
            ],
            "searchdomain": "",
            "ssh_public_keys": null,
            "start": true,
            "startup": "",
            "swap": 512,
            "tags": "debian;essentials;monitoring;native;uptime",
            "target_node": "pve",
            "template": false,
            "timeouts": null,
            "tty": 2,
            "unique": false,
            "unprivileged": true,
            "unused": [],
            "vmid": 200
          },
          "sensitive_attributes": [],
          "private": "eyJlMmJmYjczMC1lY2FhLTExZTYtOGY4OC0zNDM2M2JjN2M0YzAiOnsiY3JlYXRlIjoxMjAwMDAwMDAwMDAwLCJkZWZhdWx0IjoxMjAwMDAwMDAwMDAwLCJkZWxldGUiOjEyMDAwMDAwMDAwMDAsInJlYWQiOjEyMDAwMDAwMDAwMDAsInVwZGF0ZSI6MTIwMDAwMDAwMDAwMH0sInNjaGVtYV92ZXJzaW9uIjoiMCJ9"
        }
      ]
    },
    {
      "mode": "managed",
      "type": "proxmox_lxc",
      "name": "pihole",
      "provider": "provider[\"registry.terraform.io/telmate/proxmox\"].secondary",
      "instances": [
        {
          "schema_version": 0,
          "attributes": {
            "arch": "amd64",
            "bwlimit": 0,
            "clone": null,
            "clone_storage": null,
            "cmode": "tty",
            "console": true,
            "cores": 2,
            "cpulimit": 0,
            "cpuunits": 1024,
            "description": "",
            "features": [
              {
                "fuse": false,
                "keyctl": false,
                "mknod": false,
                "mount": "",
                "nesting": true
              }
            ],
            "force": false,
            "full": null,
            "hagroup": "",
            "hastate": "",
            "hookscript": "",
            "hostname": "pihole",
            "id": "pve/lxc/507",
            "ignore_unpack_errors": false,
            "lock": "",
            "memory": 2048,
            "mountpoint": [],
            "nameserver": "",
            "network": [
              {
                "bridge": "vmbr0",
                "firewall": false,
                "gw": "10.0.0.1",
                "gw6": "",
                "hwaddr": "1E:5F:73:3B:AC:88",
                "ip": "10.0.0.3/16",
                "ip6": "auto",
                "mtu": 0,
                "name": "eth0",
                "rate": 0,
                "tag": 0,
                "trunks": "",
                "type": "veth"
              }
            ],
            "onboot": true,
            "ostemplate": "local:vztmpl/ubuntu-22.04-standard_22.04-1_amd64.tar.zst",
            "ostype": "ubuntu",
            "password": null,
            "pool": null,
            "protection": false,
            "restore": false,
            "rootfs": [
              {
                "acl": false,
                "quota": false,
                "replicate": false,
                "ro": false,
                "shared": false,
                "size": "8G",
                "storage": "local-lvm",
                "volume": "local-lvm:vm-507-disk-0"
              }
            ],
            "searchdomain": "",
            "ssh_public_keys": "ssh-ed25519 AAAAC3NzaC1lZDI1NTE5AAAAICGc3dBczv80SICiZoWLmofrATDZSm7d5O6HW5G10pwp guilherme@damoreira.com.br\n",
            "start": true,
            "startup": "",
            "swap": 0,
            "tags": "",
            "target_node": "pve",
            "template": false,
            "timeouts": null,
            "tty": 2,
            "unique": false,
            "unprivileged": true,
            "unused": [],
            "vmid": 507
          },
          "sensitive_attributes": [],
          "private": "eyJlMmJmYjczMC1lY2FhLTExZTYtOGY4OC0zNDM2M2JjN2M0YzAiOnsiY3JlYXRlIjoxMjAwMDAwMDAwMDAwLCJkZWZhdWx0IjoxMjAwMDAwMDAwMDAwLCJkZWxldGUiOjEyMDAwMDAwMDAwMDAsInJlYWQiOjEyMDAwMDAwMDAwMDAsInVwZGF0ZSI6MTIwMDAwMDAwMDAwMH19"
        }
      ]
    },
    {
      "mode": "managed",
      "type": "proxmox_lxc",
      "name": "plex",
      "provider": "provider[\"registry.terraform.io/telmate/proxmox\"].secondary",
      "instances": [
        {
          "schema_version": 0,
          "attributes": {
            "arch": "amd64",
            "bwlimit": 0,
            "clone": null,
            "clone_storage": null,
            "cmode": "tty",
            "console": true,
            "cores": 4,
            "cpulimit": 0,
            "cpuunits": 1024,
            "description": "",
            "features": [
              {
                "fuse": false,
                "keyctl": true,
                "mknod": false,
                "mount": "",
                "nesting": true
              }
            ],
            "force": false,
            "full": null,
            "hagroup": "",
            "hastate": "",
            "hookscript": "",
            "hostname": "plex",
            "id": "pve/lxc/503",
            "ignore_unpack_errors": false,
            "lock": "",
            "memory": 8192,
            "mountpoint": [],
            "nameserver": "",
            "network": [
              {
                "bridge": "vmbr0",
                "firewall": false,
                "gw": "10.0.0.1",
                "gw6": "",
                "hwaddr": "BA:7A:1E:D5:90:12",
                "ip": "10.0.5.1/16",
                "ip6": "auto",
                "mtu": 0,
                "name": "eth0",
                "rate": 0,
                "tag": 0,
                "trunks": "",
                "type": "veth"
              }
            ],
            "onboot": true,
            "ostemplate": "local:vztmpl/ubuntu-22.04-standard_22.04-1_amd64.tar.zst",
            "ostype": "ubuntu",
            "password": null,
            "pool": null,
            "protection": false,
            "restore": false,
            "rootfs": [
              {
                "acl": false,
                "quota": false,
                "replicate": false,
                "ro": false,
                "shared": false,
                "size": "500G",
                "storage": "local-lvm",
                "volume": "local-lvm:vm-503-disk-0"
              }
            ],
            "searchdomain": "",
            "ssh_public_keys": "ssh-ed25519 AAAAC3NzaC1lZDI1NTE5AAAAICGc3dBczv80SICiZoWLmofrATDZSm7d5O6HW5G10pwp guilherme@damoreira.com.br\n",
            "start": true,
            "startup": "",
            "swap": 0,
            "tags": "docker;plex;ubuntu",
            "target_node": "pve",
            "template": false,
            "timeouts": null,
            "tty": 2,
            "unique": false,
            "unprivileged": false,
            "unused": [],
            "vmid": 503
          },
          "sensitive_attributes": [],
          "private": "eyJlMmJmYjczMC1lY2FhLTExZTYtOGY4OC0zNDM2M2JjN2M0YzAiOnsiY3JlYXRlIjoxMjAwMDAwMDAwMDAwLCJkZWZhdWx0IjoxMjAwMDAwMDAwMDAwLCJkZWxldGUiOjEyMDAwMDAwMDAwMDAsInJlYWQiOjEyMDAwMDAwMDAwMDAsInVwZGF0ZSI6MTIwMDAwMDAwMDAwMH19"
        }
      ]
    },
    {
      "mode": "managed",
      "type": "proxmox_lxc",
      "name": "suwayomi",
      "provider": "provider[\"registry.terraform.io/telmate/proxmox\"]",
      "instances": [
        {
          "schema_version": 0,
          "attributes": {
            "arch": "amd64",
            "bwlimit": 0,
            "clone": null,
            "clone_storage": null,
            "cmode": "tty",
            "console": true,
            "cores": 2,
            "cpulimit": 0,
            "cpuunits": 1024,
            "description": "\u003cdiv align='center'\u003e\n  \u003ca href='https://Helper-Scripts.com' target='_blank' rel='noopener noreferrer'\u003e\n    \u003cimg src='https://raw.githubusercontent.com/community-scripts/ProxmoxVE/main/misc/images/logo-81x112.png' alt='Logo' style='width:81px;height:112px;'/\u003e\n  \u003c/a\u003e\n\n  \u003ch2 style='font-size: 24px; margin: 20px 0;'\u003eSuwayomi LXC\u003c/h2\u003e\n\n  \n  \u003cspan style='margin: 0 10px;'\u003e\n    \u003ci class=\"fa fa-github fa-fw\" style=\"color: #f5f5f5;\"\u003e\u003c/i\u003e\n    \u003ca href='https://github.com/community-scripts/ProxmoxVE' target='_blank' rel='noopener noreferrer' style='text-decoration: none; color: #00617f;'\u003eGitHub\u003c/a\u003e\n  \u003c/span\u003e\n  \u003cspan style='margin: 0 10px;'\u003e\n    \u003ci class=\"fa fa-comments fa-fw\" style=\"color: #f5f5f5;\"\u003e\u003c/i\u003e\n    \u003ca href='https://github.com/community-scripts/ProxmoxVE/discussions' target='_blank' rel='noopener noreferrer' style='text-decoration: none; color: #00617f;'\u003eDiscussions\u003c/a\u003e\n  \u003c/span\u003e\n  \u003cspan style='margin: 0 10px;'\u003e\n    \u003ci class=\"fa fa-exclamation-circle fa-fw\" style=\"color: #f5f5f5;\"\u003e\u003c/i\u003e\n    \u003ca href='https://github.com/community-scripts/ProxmoxVE/issues' target='_blank' rel='noopener noreferrer' style='text-decoration: none; color: #00617f;'\u003eIssues\u003c/a\u003e\n  \u003c/span\u003e\n\u003c/div\u003e\n",
            "features": [
              {
                "fuse": true,
                "keyctl": true,
                "mknod": false,
                "mount": "",
                "nesting": true
              }
            ],
            "force": false,
            "full": null,
            "hagroup": "",
            "hastate": "",
            "hookscript": "",
            "hostname": "suwayomi",
            "id": "pve/lxc/103",
            "ignore_unpack_errors": false,
            "lock": "",
            "memory": 4096,
            "mountpoint": [],
            "nameserver": "",
            "network": [
              {
                "bridge": "vmbr0",
                "firewall": false,
                "gw": "10.0.0.1",
                "gw6": "",
                "hwaddr": "BC:24:11:F2:3D:D4",
                "ip": "10.0.5.2/16",
                "ip6": "",
                "mtu": 0,
                "name": "eth0",
                "rate": 0,
                "tag": 0,
                "trunks": "",
                "type": "veth"
              }
            ],
            "onboot": true,
            "ostemplate": "local:vztmpl/debian-12-standard_12.7-1_amd64.tar.zst",
            "ostype": "debian",
            "password": null,
            "pool": null,
            "protection": false,
            "restore": false,
            "rootfs": [
              {
                "acl": false,
                "quota": false,
                "replicate": false,
                "ro": false,
                "shared": false,
                "size": "100G",
                "storage": "local-lvm",
                "volume": "local-lvm:vm-103-disk-0"
              }
            ],
            "searchdomain": "",
            "ssh_public_keys": null,
            "start": true,
            "startup": "",
            "swap": 1024,
            "tags": "debian;docker;essentials;manga;media;suwayomi",
            "target_node": "pve",
            "template": false,
            "timeouts": null,
            "tty": 2,
            "unique": false,
            "unprivileged": false,
            "unused": [],
            "vmid": 103
          },
          "sensitive_attributes": [],
          "private": "eyJlMmJmYjczMC1lY2FhLTExZTYtOGY4OC0zNDM2M2JjN2M0YzAiOnsiY3JlYXRlIjoxMjAwMDAwMDAwMDAwLCJkZWZhdWx0IjoxMjAwMDAwMDAwMDAwLCJkZWxldGUiOjEyMDAwMDAwMDAwMDAsInJlYWQiOjEyMDAwMDAwMDAwMDAsInVwZGF0ZSI6MTIwMDAwMDAwMDAwMH19"
        }
      ]
    },
    {
      "mode": "managed",
      "type": "proxmox_lxc",
      "name": "traefik",
      "provider": "provider[\"registry.terraform.io/telmate/proxmox\"]",
      "instances": [
        {
          "schema_version": 0,
          "attributes": {
            "arch": "amd64",
            "bwlimit": 0,
            "clone": null,
            "clone_storage": null,
            "cmode": "tty",
            "console": true,
            "cores": 1,
            "cpulimit": 0,
            "cpuunits": 1024,
            "description": "\u003cdiv align='center'\u003e\n  \u003ca href='https://Helper-Scripts.com' target='_blank' rel='noopener noreferrer'\u003e\n    \u003cimg src='https://raw.githubusercontent.com/community-scripts/ProxmoxVE/main/misc/images/logo-81x112.png' alt='Logo' style='width:81px;height:112px;'/\u003e\n  \u003c/a\u003e\n\n  \u003ch2 style='font-size: 24px; margin: 20px 0;'\u003eTraefik LXC\u003c/h2\u003e\n\n  \u003cspan style='margin: 0 10px;'\u003e\n    \u003ci class=\"fa fa-github fa-fw\" style=\"color: #f5f5f5;\"\u003e\u003c/i\u003e\n    \u003ca href='https://github.com/community-scripts/ProxmoxVE' target='_blank' rel='noopener noreferrer' style='text-decoration: none; color: #00617f;'\u003eGitHub\u003c/a\u003e\n  \u003c/span\u003e\n  \u003cspan style='margin: 0 10px;'\u003e\n    \u003ci class=\"fa fa-comments fa-fw\" style=\"color: #f5f5f5;\"\u003e\u003c/i\u003e\n    \u003ca href='https://github.com/community-scripts/ProxmoxVE/discussions' target='_blank' rel='noopener noreferrer' style='text-decoration: none; color: #00617f;'\u003eDiscussions\u003c/a\u003e\n  \u003c/span\u003e\n  \u003cspan style='margin: 0 10px;'\u003e\n    \u003ci class=\"fa fa-exclamation-circle fa-fw\" style=\"color: #f5f5f5;\"\u003e\u003c/i\u003e\n    \u003ca href='https://github.com/community-scripts/ProxmoxVE/issues' target='_blank' rel='noopener noreferrer' style='text-decoration: none; color: #00617f;'\u003eIssues\u003c/a\u003e\n  \u003c/span\u003e\n\u003c/div\u003e\n",
            "features": [],
            "force": false,
            "full": null,
            "hagroup": "",
            "hastate": "",
            "hookscript": "",
            "hostname": "traefik",
            "id": "pve/lxc/500",
            "ignore_unpack_errors": false,
            "lock": "",
            "memory": 512,
            "mountpoint": [],
            "nameserver": "",
            "network": [
              {
                "bridge": "vmbr0",
                "firewall": false,
                "gw": "10.0.0.1",
                "gw6": "",
                "hwaddr": "B6:1A:E1:C6:86:03",
                "ip": "10.0.0.8/16",
                "ip6": "auto",
                "mtu": 0,
                "name": "eth0",
                "rate": 0,
                "tag": 0,
                "trunks": "",
                "type": "veth"
              }
            ],
            "onboot": true,
            "ostemplate": "local:vztmpl/ubuntu-22.04-standard_22.04-1_amd64.tar.zst",
            "ostype": "ubuntu",
            "password": null,
            "pool": null,
            "protection": false,
            "restore": false,
            "rootfs": [
              {
                "acl": false,
                "quota": false,
                "replicate": false,
                "ro": false,
                "shared": false,
                "size": "4G",
                "storage": "local-lvm",
                "volume": "local-lvm:vm-500-disk-0"
              }
            ],
            "searchdomain": "",
            "ssh_public_keys": "ssh-ed25519 AAAAC3NzaC1lZDI1NTE5AAAAICGc3dBczv80SICiZoWLmofrATDZSm7d5O6HW5G10pwp guilherme@damoreira.com.br\n",
            "start": true,
            "startup": "",
            "swap": 0,
            "tags": "essentials;native;network;routing;ubuntu",
            "target_node": "pve",
            "template": false,
            "timeouts": null,
            "tty": 2,
            "unique": false,
            "unprivileged": true,
            "unused": [],
            "vmid": 500
          },
          "sensitive_attributes": [],
          "private": "eyJlMmJmYjczMC1lY2FhLTExZTYtOGY4OC0zNDM2M2JjN2M0YzAiOnsiY3JlYXRlIjoxMjAwMDAwMDAwMDAwLCJkZWZhdWx0IjoxMjAwMDAwMDAwMDAwLCJkZWxldGUiOjEyMDAwMDAwMDAwMDAsInJlYWQiOjEyMDAwMDAwMDAwMDAsInVwZGF0ZSI6MTIwMDAwMDAwMDAwMH19"
        }
      ]
    }
  ],
  "check_results": null
}
